
Microsoft Visual Studio Solution File, Format Version 12.00
# Visual Studio 14
VisualStudioVersion = 14.0.25420.1
MinimumVisualStudioVersion = 10.0.40219.1
Project("{FAE04EC0-301F-11D3-BF4B-00C04F79EFBC}") = "LightspeedT", "LightspeedT\LightspeedT.csproj", "{578F238A-F5C1-4219-840C-F57F25E57512}"
EndProject
Project("{FAE04EC0-301F-11D3-BF4B-00C04F79EFBC}") = "Lightspeed.web", "Lightspeed.web\Lightspeed.web.csproj", "{5979E66D-9144-4B8A-9A83-CC649FACB990}"
EndProject
Global
	GlobalSection(SolutionConfigurationPlatforms) = preSolution
		Debug|Any CPU = Debug|Any CPU
		Release|Any CPU = Release|Any CPU
	EndGlobalSection
	GlobalSection(ProjectConfigurationPlatforms) = postSolution
		{578F238A-F5C1-4219-840C-F57F25E57512}.Debug|Any CPU.ActiveCfg = Debug|Any CPU
		{578F238A-F5C1-4219-840C-F57F25E57512}.Debug|Any CPU.Build.0 = Debug|Any CPU
		{578F238A-F5C1-4219-840C-F57F25E57512}.Release|Any CPU.ActiveCfg = Release|Any CPU
		{578F238A-F5C1-4219-840C-F57F25E57512}.Release|Any CPU.Build.0 = Release|Any CPU
		{5979E66D-9144-4B8A-9A83-CC649FACB990}.Debug|Any CPU.ActiveCfg = Debug|Any CPU
		{5979E66D-9144-4B8A-9A83-CC649FACB990}.Debug|Any CPU.Build.0 = Debug|Any CPU
		{5979E66D-9144-4B8A-9A83-CC649FACB990}.Release|Any CPU.ActiveCfg = Release|Any CPU
		{5979E66D-9144-4B8A-9A83-CC649FACB990}.Release|Any CPU.Build.0 = Release|Any CPU
	EndGlobalSection
	GlobalSection(SolutionProperties) = preSolution
		HideSolutionNode = FALSE
	EndGlobalSection
EndGlobal
